
Microsoft Visual Studio Solution File, Format Version 12.00
# Visual Studio Version 16
VisualStudioVersion = 16.0.31624.102
MinimumVisualStudioVersion = 10.0.40219.1
Project("{8BC9CEB8-8B4A-11D0-8D11-00A0C91BC942}") = "TRPO_Task_7", "TRPO_Task_7\TRPO_Task_7.vcxproj", "{6648570E-8094-48D0-A885-7876817E9664}"
EndProject
Global
	GlobalSection(SolutionConfigurationPlatforms) = preSolution
		Debug|x64 = Debug|x64
		Debug|x86 = Debug|x86
		Release|x64 = Release|x64
		Release|x86 = Release|x86
	EndGlobalSection
	GlobalSection(ProjectConfigurationPlatforms) = postSolution
		{6648570E-8094-48D0-A885-7876817E9664}.Debug|x64.ActiveCfg = Debug|x64
		{6648570E-8094-48D0-A885-7876817E9664}.Debug|x64.Build.0 = Debug|x64
		{6648570E-8094-48D0-A885-7876817E9664}.Debug|x86.ActiveCfg = Debug|Win32
		{6648570E-8094-48D0-A885-7876817E9664}.Debug|x86.Build.0 = Debug|Win32
		{6648570E-8094-48D0-A885-7876817E9664}.Release|x64.ActiveCfg = Release|x64
		{6648570E-8094-48D0-A885-7876817E9664}.Release|x64.Build.0 = Release|x64
		{6648570E-8094-48D0-A885-7876817E9664}.Release|x86.ActiveCfg = Release|Win32
		{6648570E-8094-48D0-A885-7876817E9664}.Release|x86.Build.0 = Release|Win32
	EndGlobalSection
	GlobalSection(SolutionProperties) = preSolution
		HideSolutionNode = FALSE
	EndGlobalSection
	GlobalSection(ExtensibilityGlobals) = postSolution
		SolutionGuid = {1B00859A-EBAA-41FD-B057-5397BC720E2D}
	EndGlobalSection
EndGlobal
